
Microsoft Visual Studio Solution File, Format Version 12.00
# Visual Studio Version 17
VisualStudioVersion = 17.7.34221.43
MinimumVisualStudioVersion = 10.0.40219.1
Project("{FAE04EC0-301F-11D3-BF4B-00C04F79EFBC}") = "AIWonderRecipe.Server", "AIWonderRecipe\Server\AIWonderRecipe.Server.csproj", "{4B9538CF-AE99-4FA9-9349-20FD355C7A66}"
EndProject
Project("{FAE04EC0-301F-11D3-BF4B-00C04F79EFBC}") = "AIWonderRecipe.Client", "AIWonderRecipe\Client\AIWonderRecipe.Client.csproj", "{9FCFDB7E-2CCD-480B-815B-4C146B96FA08}"
EndProject
Project("{FAE04EC0-301F-11D3-BF4B-00C04F79EFBC}") = "AIWonderRecipe.Shared", "AIWonderRecipe\Shared\AIWonderRecipe.Shared.csproj", "{A0127CE2-0E32-405A-B956-28E26BEB7DF8}"
EndProject
Global
	GlobalSection(SolutionConfigurationPlatforms) = preSolution
		Debug|Any CPU = Debug|Any CPU
		Release|Any CPU = Release|Any CPU
	EndGlobalSection
	GlobalSection(ProjectConfigurationPlatforms) = postSolution
		{4B9538CF-AE99-4FA9-9349-20FD355C7A66}.Debug|Any CPU.ActiveCfg = Debug|Any CPU
		{4B9538CF-AE99-4FA9-9349-20FD355C7A66}.Debug|Any CPU.Build.0 = Debug|Any CPU
		{4B9538CF-AE99-4FA9-9349-20FD355C7A66}.Release|Any CPU.ActiveCfg = Release|Any CPU
		{4B9538CF-AE99-4FA9-9349-20FD355C7A66}.Release|Any CPU.Build.0 = Release|Any CPU
		{9FCFDB7E-2CCD-480B-815B-4C146B96FA08}.Debug|Any CPU.ActiveCfg = Debug|Any CPU
		{9FCFDB7E-2CCD-480B-815B-4C146B96FA08}.Debug|Any CPU.Build.0 = Debug|Any CPU
		{9FCFDB7E-2CCD-480B-815B-4C146B96FA08}.Release|Any CPU.ActiveCfg = Release|Any CPU
		{9FCFDB7E-2CCD-480B-815B-4C146B96FA08}.Release|Any CPU.Build.0 = Release|Any CPU
		{A0127CE2-0E32-405A-B956-28E26BEB7DF8}.Debug|Any CPU.ActiveCfg = Debug|Any CPU
		{A0127CE2-0E32-405A-B956-28E26BEB7DF8}.Debug|Any CPU.Build.0 = Debug|Any CPU
		{A0127CE2-0E32-405A-B956-28E26BEB7DF8}.Release|Any CPU.ActiveCfg = Release|Any CPU
		{A0127CE2-0E32-405A-B956-28E26BEB7DF8}.Release|Any CPU.Build.0 = Release|Any CPU
	EndGlobalSection
	GlobalSection(SolutionProperties) = preSolution
		HideSolutionNode = FALSE
	EndGlobalSection
	GlobalSection(ExtensibilityGlobals) = postSolution
		SolutionGuid = {83FFEF9B-6CA2-4231-A877-31D92BB0CD2F}
	EndGlobalSection
EndGlobal
